
Microsoft Visual Studio Solution File, Format Version 12.00
# Visual Studio 15
VisualStudioVersion = 15.0.27130.2027
MinimumVisualStudioVersion = 10.0.40219.1
Project("{FAE04EC0-301F-11D3-BF4B-00C04F79EFBC}") = "NotepadVersion2", "NotepadVersion2\NotepadVersion2.csproj", "{024ACD28-396F-4412-9D56-2D424EE12EFE}"
EndProject
Global
	GlobalSection(SolutionConfigurationPlatforms) = preSolution
		Debug|Any CPU = Debug|Any CPU
		Release|Any CPU = Release|Any CPU
	EndGlobalSection
	GlobalSection(ProjectConfigurationPlatforms) = postSolution
		{024ACD28-396F-4412-9D56-2D424EE12EFE}.Debug|Any CPU.ActiveCfg = Debug|Any CPU
		{024ACD28-396F-4412-9D56-2D424EE12EFE}.Debug|Any CPU.Build.0 = Debug|Any CPU
		{024ACD28-396F-4412-9D56-2D424EE12EFE}.Release|Any CPU.ActiveCfg = Release|Any CPU
		{024ACD28-396F-4412-9D56-2D424EE12EFE}.Release|Any CPU.Build.0 = Release|Any CPU
	EndGlobalSection
	GlobalSection(SolutionProperties) = preSolution
		HideSolutionNode = FALSE
	EndGlobalSection
	GlobalSection(ExtensibilityGlobals) = postSolution
		SolutionGuid = {CF94D9D2-15BA-42DB-9F9F-3EA3E8518D90}
	EndGlobalSection
EndGlobal
